
Microsoft Visual Studio Solution File, Format Version 12.00
# Visual Studio Version 16
VisualStudioVersion = 16.0.31605.320
MinimumVisualStudioVersion = 10.0.40219.1
Project("{9A19103F-16F7-4668-BE54-9A1E7A4F7556}") = "NumbersGame", "NumbersGame\NumbersGame.csproj", "{232696BD-3C2C-4DA7-BD82-5971DC94C14F}"
EndProject
Project("{FAE04EC0-301F-11D3-BF4B-00C04F79EFBC}") = "NumbersGameConsole", "NumbersGameConsole\NumbersGameConsole.csproj", "{F41143D7-ACDE-4FB3-867B-A00DB011E399}"
EndProject
Global
	GlobalSection(SolutionConfigurationPlatforms) = preSolution
		Debug|Any CPU = Debug|Any CPU
		Release|Any CPU = Release|Any CPU
	EndGlobalSection
	GlobalSection(ProjectConfigurationPlatforms) = postSolution
		{232696BD-3C2C-4DA7-BD82-5971DC94C14F}.Debug|Any CPU.ActiveCfg = Debug|Any CPU
		{232696BD-3C2C-4DA7-BD82-5971DC94C14F}.Debug|Any CPU.Build.0 = Debug|Any CPU
		{232696BD-3C2C-4DA7-BD82-5971DC94C14F}.Release|Any CPU.ActiveCfg = Release|Any CPU
		{232696BD-3C2C-4DA7-BD82-5971DC94C14F}.Release|Any CPU.Build.0 = Release|Any CPU
		{F41143D7-ACDE-4FB3-867B-A00DB011E399}.Debug|Any CPU.ActiveCfg = Debug|Any CPU
		{F41143D7-ACDE-4FB3-867B-A00DB011E399}.Debug|Any CPU.Build.0 = Debug|Any CPU
		{F41143D7-ACDE-4FB3-867B-A00DB011E399}.Release|Any CPU.ActiveCfg = Release|Any CPU
		{F41143D7-ACDE-4FB3-867B-A00DB011E399}.Release|Any CPU.Build.0 = Release|Any CPU
	EndGlobalSection
	GlobalSection(SolutionProperties) = preSolution
		HideSolutionNode = FALSE
	EndGlobalSection
	GlobalSection(ExtensibilityGlobals) = postSolution
		SolutionGuid = {5E21B37D-259A-499B-A0C4-1F37F5867B7A}
	EndGlobalSection
EndGlobal
